{
    "_readme": [
        "This file locks the dependencies of your project to a known state",
        "Read more about it at https://getcomposer.org/doc/01-basic-usage.md#installing-dependencies",
        "This file is @generated automatically"
    ],
    "content-hash": "d751713988987e9331980363e24189ce",
    "packages": [
        {
            "name": "symfony/framework-bundle",
            "version": "v6.0.19",
            "source": {
                "type": "git",
                "url": "https://github.com/symfony/framework-bundle.git",
                "reference": "825c12c2d608a6ff5dea0aa6cf3cd5a7e27590b4"
            },
            "dist": {
                "type": "zip",
                "url": "https://api.github.com/repos/symfony/framework-bundle/zipball/825c12c2d608a6ff5dea0aa6cf3cd5a7e27590b4",
                "reference": "825c12c2d608a6ff5dea0aa6cf3cd5a7e27590b4",
                "shasum": ""
            },
            "require": {
                "php": ">=8.0.2",
                "symfony/config": "^5.4|^6.0",
                "symfony/dependency-injection": "^5.4|^6.0",
                "symfony/http-kernel": "^5.4|^6.0",
                "symfony/polyfill-mbstring": "~1.0"
            },
            "type": "symfony-bundle"
        },
        {
            "name": "symfony/messenger",
            "version": "v6.0.19",
            "source": {
                "type": "git",
                "url": "https://github.com/symfony/messenger.git",
                "reference": "523b5c0f07bb2a777c36fb25fdc0147638d9c9cc"
            },
            "dist": {
                "type": "zip",
                "url": "https://api.github.com/repos/symfony/messenger/zipball/523b5c0f07bb2a777c36fb25fdc0147638d9c9cc",
                "reference": "523b5c0f07bb2a777c36fb25fdc0147638d9c9cc",
                "shasum": ""
            },
            "require": {
                "php": ">=8.0.2",
                "symfony/event-dispatcher": "^5.4|^6.0"
            },
            "type": "library"
        },
        {
            "name": "aws/aws-sdk-php",
            "version": "3.269.0",
            "source": {
                "type": "git",
                "url": "https://github.com/aws/aws-sdk-php.git",
                "reference": "c16637c0b46b6c1479d9bb0c2c2b2ef5d1f8a067"
            },
            "dist": {
                "type": "zip",
                "url": "https://api.github.com/repos/aws/aws-sdk-php/zipball/c16637c0b46b6c1479d9bb0c2c2b2ef5d1f8a067",
                "reference": "c16637c0b46b6c1479d9bb0c2c2b2ef5d1f8a067",
                "shasum": ""
            },
            "require": {
                "php": ">=7.2.5",
                "ext-json": "*",
                "ext-pcre": "*",
                "ext-simplexml": "*",
                "guzzlehttp/guzzle": "^7.4.5",
                "guzzlehttp/promises": "^1.4.0",
                "guzzlehttp/psr7": "^1.8.5|^2.3",
                "mtdowling/jmespath.php": "^2.6"
            },
            "type": "library"
        },
        {
            "name": "doctrine/dbal",
            "version": "3.6.0",
            "source": {
                "type": "git",
                "url": "https://github.com/doctrine/dbal.git",
                "reference": "85b98cb23c8af471a67abfe14485da696bcabc2e"
            },
            "dist": {
                "type": "zip",
                "url": "https://api.github.com/repos/doctrine/dbal/zipball/85b98cb23c8af471a67abfe14485da696bcabc2e",
                "reference": "85b98cb23c8af471a67abfe14485da696bcabc2e",
                "shasum": ""
            },
            "require": {
                "php": "^7.4 || ^8.0",
                "doctrine/cache": "^1.11|^2.0",
                "doctrine/event-manager": "^1.0",
                "psr/cache": "^1|^2|^3",
                "psr/log": "^1|^2|^3"
            },
            "type": "library"
        },
        {
            "name": "predis/predis",
            "version": "v2.1.0",
            "source": {
                "type": "git",
                "url": "https://github.com/predis/predis.git",
                "reference": "a62c5de8e14b864e5a8c8fe53f4c6b2665ba2c3a"
            },
            "dist": {
                "type": "zip",
                "url": "https://api.github.com/repos/predis/predis/zipball/a62c5de8e14b864e5a8c8fe53f4c6b2665ba2c3a",
                "reference": "a62c5de8e14b864e5a8c8fe53f4c6b2665ba2c3a",
                "shasum": ""
            },
            "require": {
                "php": "^7.2 || ^8.0"
            },
            "type": "library"
        },
        {
            "name": "firebase/php-jwt",
            "version": "v6.4.0",
            "source": {
                "type": "git",
                "url": "https://github.com/firebase/php-jwt.git",
                "reference": "4dd1e007f22a927ac77da5a3fbb067b42d3bc224"
            },
            "dist": {
                "type": "zip",
                "url": "https://api.github.com/repos/firebase/php-jwt/zipball/4dd1e007f22a927ac77da5a3fbb067b42d3bc224",
                "reference": "4dd1e007f22a927ac77da5a3fbb067b42d3bc224",
                "shasum": ""
            },
            "require": {
                "php": "^7.1||^8.0"
            },
            "type": "library"
        },
        {
            "name": "monolog/monolog",
            "version": "3.3.0",
            "source": {
                "type": "git",
                "url": "https://github.com/Seldaek/monolog.git",
                "reference": "57ad958f8e3278c21d5f6967c367e103c24f9777"
            },
            "dist": {
                "type": "zip",
                "url": "https://api.github.com/repos/Seldaek/monolog/zipball/57ad958f8e3278c21d5f6967c367e103c24f9777",
                "reference": "57ad958f8e3278c21d5f6967c367e103c24f9777",
                "shasum": ""
            },
            "require": {
                "php": ">=8.1",
                "psr/log": "^2.0 || ^3.0"
            },
            "type": "library"
        },
        {
            "name": "guzzlehttp/guzzle",
            "version": "7.5.0",
            "source": {
                "type": "git",
                "url": "https://github.com/guzzle/guzzle.git",
                "reference": "b50a2a1251152e43f6a37f0fa053e730a67d25ba"
            },
            "dist": {
                "type": "zip",
                "url": "https://api.github.com/repos/guzzle/guzzle/zipball/b50a2a1251152e43f6a37f0fa053e730a67d25ba",
                "reference": "b50a2a1251152e43f6a37f0fa053e730a67d25ba",
                "shasum": ""
            },
            "require": {
                "ext-json": "*",
                "guzzlehttp/promises": "^1.5",
                "guzzlehttp/psr7": "^1.9 || ^2.4",
                "php": "^7.2.5 || ^8.0",
                "psr/http-client": "^1.0",
                "symfony/deprecation-contracts": "^2.2 || ^3.0"
            },
            "type": "library"
        }
    ],
    "packages-dev": [
        {
            "name": "phpunit/phpunit",
            "version": "10.0.19",
            "source": {
                "type": "git",
                "url": "https://github.com/sebastianbergmann/phpunit.git",
                "reference": "0c3738585d8e2ba5f12f494e7c5f7e6fa5e8d15c"
            },
            "dist": {
                "type": "zip",
                "url": "https://api.github.com/repos/sebastianbergmann/phpunit/zipball/0c3738585d8e2ba5f12f494e7c5f7e6fa5e8d15c",
                "reference": "0c3738585d8e2ba5f12f494e7c5f7e6fa5e8d15c",
                "shasum": ""
            },
            "require": {
                "php": ">=8.1",
                "phpunit/php-code-coverage": "^10.1",
                "phpunit/php-file-iterator": "^4.0",
                "phpunit/php-text-template": "^3.0"
            },
            "type": "library"
        },
        {
            "name": "phpstan/phpstan",
            "version": "1.10.15",
            "source": {
                "type": "git",
                "url": "https://github.com/phpstan/phpstan.git",
                "reference": "762c4dac4da6f8756c7d33dbb3dbdb699316a449"
            },
            "dist": {
                "type": "zip",
                "url": "https://api.github.com/repos/phpstan/phpstan/zipball/762c4dac4da6f8756c7d33dbb3dbdb699316a449",
                "reference": "762c4dac4da6f8756c7d33dbb3dbdb699316a449",
                "shasum": ""
            },
            "require": {
                "php": "^7.2|^8.0"
            },
            "type": "library"
        }
    ],
    "aliases": [],
    "minimum-stability": "stable",
    "stability-flags": [],
    "prefer-stable": true,
    "prefer-lowest": false,
    "platform": {
        "php": ">=8.2",
        "ext-json": "*",
        "ext-pdo": "*",
        "ext-redis": "*"
    },
    "platform-dev": [],
    "plugin-api-version": "2.3.0"
}